
Microsoft Visual Studio Solution File, Format Version 12.00
# Visual Studio 15
VisualStudioVersion = 15.0.26206.0
MinimumVisualStudioVersion = 10.0.40219.1
Project("{D954291E-2A0B-460D-934E-DC6B0785DB48}") = "Aulas", "Aulas\Aulas\Aulas.shproj", "{053354CC-0F67-4EC5-9B79-413118CFF837}"
EndProject
Project("{FAE04EC0-301F-11D3-BF4B-00C04F79EFBC}") = "Aulas.Droid", "Aulas\Aulas.Droid\Aulas.Droid.csproj", "{B0ECEA59-B2DD-4005-B36F-33E4F423FEB3}"
EndProject
Project("{FAE04EC0-301F-11D3-BF4B-00C04F79EFBC}") = "Aulas.iOS", "Aulas\Aulas.iOS\Aulas.iOS.csproj", "{9C414160-93C4-427E-B271-4A745D2C7654}"
EndProject
Project("{FAE04EC0-301F-11D3-BF4B-00C04F79EFBC}") = "Aulas.UWP", "Aulas.UWP\Aulas.UWP.csproj", "{69FDB3C6-2DA2-49EF-80F7-BAFDB0E50397}"
EndProject
Global
	GlobalSection(SharedMSBuildProjectFiles) = preSolution
		Aulas\Aulas\Aulas.projitems*{053354cc-0f67-4ec5-9b79-413118cff837}*SharedItemsImports = 13
		Aulas\Aulas\Aulas.projitems*{69fdb3c6-2da2-49ef-80f7-bafdb0e50397}*SharedItemsImports = 4
		Aulas\Aulas\Aulas.projitems*{9c414160-93c4-427e-b271-4a745d2c7654}*SharedItemsImports = 4
		Aulas\Aulas\Aulas.projitems*{b0ecea59-b2dd-4005-b36f-33e4f423feb3}*SharedItemsImports = 4
	EndGlobalSection
	GlobalSection(SolutionConfigurationPlatforms) = preSolution
		Ad-Hoc|Any CPU = Ad-Hoc|Any CPU
		Ad-Hoc|ARM = Ad-Hoc|ARM
		Ad-Hoc|iPhone = Ad-Hoc|iPhone
		Ad-Hoc|iPhoneSimulator = Ad-Hoc|iPhoneSimulator
		Ad-Hoc|x64 = Ad-Hoc|x64
		Ad-Hoc|x86 = Ad-Hoc|x86
		AppStore|Any CPU = AppStore|Any CPU
		AppStore|ARM = AppStore|ARM
		AppStore|iPhone = AppStore|iPhone
		AppStore|iPhoneSimulator = AppStore|iPhoneSimulator
		AppStore|x64 = AppStore|x64
		AppStore|x86 = AppStore|x86
		Debug|Any CPU = Debug|Any CPU
		Debug|ARM = Debug|ARM
		Debug|iPhone = Debug|iPhone
		Debug|iPhoneSimulator = Debug|iPhoneSimulator
		Debug|x64 = Debug|x64
		Debug|x86 = Debug|x86
		Release|Any CPU = Release|Any CPU
		Release|ARM = Release|ARM
		Release|iPhone = Release|iPhone
		Release|iPhoneSimulator = Release|iPhoneSimulator
		Release|x64 = Release|x64
		Release|x86 = Release|x86
	EndGlobalSection
	GlobalSection(ProjectConfigurationPlatforms) = postSolution
		{B0ECEA59-B2DD-4005-B36F-33E4F423FEB3}.Ad-Hoc|Any CPU.ActiveCfg = Release|Any CPU
		{B0ECEA59-B2DD-4005-B36F-33E4F423FEB3}.Ad-Hoc|Any CPU.Build.0 = Release|Any CPU
		{B0ECEA59-B2DD-4005-B36F-33E4F423FEB3}.Ad-Hoc|Any CPU.Deploy.0 = Release|Any CPU
		{B0ECEA59-B2DD-4005-B36F-33E4F423FEB3}.Ad-Hoc|ARM.ActiveCfg = Release|Any CPU
		{B0ECEA59-B2DD-4005-B36F-33E4F423FEB3}.Ad-Hoc|ARM.Build.0 = Release|Any CPU
		{B0ECEA59-B2DD-4005-B36F-33E4F423FEB3}.Ad-Hoc|ARM.Deploy.0 = Release|Any CPU
		{B0ECEA59-B2DD-4005-B36F-33E4F423FEB3}.Ad-Hoc|iPhone.ActiveCfg = Release|Any CPU
		{B0ECEA59-B2DD-4005-B36F-33E4F423FEB3}.Ad-Hoc|iPhone.Build.0 = Release|Any CPU
		{B0ECEA59-B2DD-4005-B36F-33E4F423FEB3}.Ad-Hoc|iPhone.Deploy.0 = Release|Any CPU
		{B0ECEA59-B2DD-4005-B36F-33E4F423FEB3}.Ad-Hoc|iPhoneSimulator.ActiveCfg = Release|Any CPU
		{B0ECEA59-B2DD-4005-B36F-33E4F423FEB3}.Ad-Hoc|iPhoneSimulator.Build.0 = Release|Any CPU
		{B0ECEA59-B2DD-4005-B36F-33E4F423FEB3}.Ad-Hoc|iPhoneSimulator.Deploy.0 = Release|Any CPU
		{B0ECEA59-B2DD-4005-B36F-33E4F423FEB3}.Ad-Hoc|x64.ActiveCfg = Release|Any CPU
		{B0ECEA59-B2DD-4005-B36F-33E4F423FEB3}.Ad-Hoc|x64.Build.0 = Release|Any CPU
		{B0ECEA59-B2DD-4005-B36F-33E4F423FEB3}.Ad-Hoc|x64.Deploy.0 = Release|Any CPU
		{B0ECEA59-B2DD-4005-B36F-33E4F423FEB3}.Ad-Hoc|x86.ActiveCfg = Release|Any CPU
		{B0ECEA59-B2DD-4005-B36F-33E4F423FEB3}.Ad-Hoc|x86.Build.0 = Release|Any CPU
		{B0ECEA59-B2DD-4005-B36F-33E4F423FEB3}.Ad-Hoc|x86.Deploy.0 = Release|Any CPU
		{B0ECEA59-B2DD-4005-B36F-33E4F423FEB3}.AppStore|Any CPU.ActiveCfg = Release|Any CPU
		{B0ECEA59-B2DD-4005-B36F-33E4F423FEB3}.AppStore|Any CPU.Build.0 = Release|Any CPU
		{B0ECEA59-B2DD-4005-B36F-33E4F423FEB3}.AppStore|Any CPU.Deploy.0 = Release|Any CPU
		{B0ECEA59-B2DD-4005-B36F-33E4F423FEB3}.AppStore|ARM.ActiveCfg = Release|Any CPU
		{B0ECEA59-B2DD-4005-B36F-33E4F423FEB3}.AppStore|ARM.Build.0 = Release|Any CPU
		{B0ECEA59-B2DD-4005-B36F-33E4F423FEB3}.AppStore|ARM.Deploy.0 = Release|Any CPU
		{B0ECEA59-B2DD-4005-B36F-33E4F423FEB3}.AppStore|iPhone.ActiveCfg = Release|Any CPU
		{B0ECEA59-B2DD-4005-B36F-33E4F423FEB3}.AppStore|iPhone.Build.0 = Release|Any CPU
		{B0ECEA59-B2DD-4005-B36F-33E4F423FEB3}.AppStore|iPhone.Deploy.0 = Release|Any CPU
		{B0ECEA59-B2DD-4005-B36F-33E4F423FEB3}.AppStore|iPhoneSimulator.ActiveCfg = Release|Any CPU
		{B0ECEA59-B2DD-4005-B36F-33E4F423FEB3}.AppStore|iPhoneSimulator.Build.0 = Release|Any CPU
		{B0ECEA59-B2DD-4005-B36F-33E4F423FEB3}.AppStore|iPhoneSimulator.Deploy.0 = Release|Any CPU
		{B0ECEA59-B2DD-4005-B36F-33E4F423FEB3}.AppStore|x64.ActiveCfg = Release|Any CPU
		{B0ECEA59-B2DD-4005-B36F-33E4F423FEB3}.AppStore|x64.Build.0 = Release|Any CPU
		{B0ECEA59-B2DD-4005-B36F-33E4F423FEB3}.AppStore|x64.Deploy.0 = Release|Any CPU
		{B0ECEA59-B2DD-4005-B36F-33E4F423FEB3}.AppStore|x86.ActiveCfg = Release|Any CPU
		{B0ECEA59-B2DD-4005-B36F-33E4F423FEB3}.AppStore|x86.Build.0 = Release|Any CPU
		{B0ECEA59-B2DD-4005-B36F-33E4F423FEB3}.AppStore|x86.Deploy.0 = Release|Any CPU
		{B0ECEA59-B2DD-4005-B36F-33E4F423FEB3}.Debug|Any CPU.ActiveCfg = Debug|Any CPU
		{B0ECEA59-B2DD-4005-B36F-33E4F423FEB3}.Debug|Any CPU.Build.0 = Debug|Any CPU
		{B0ECEA59-B2DD-4005-B36F-33E4F423FEB3}.Debug|Any CPU.Deploy.0 = Debug|Any CPU
		{B0ECEA59-B2DD-4005-B36F-33E4F423FEB3}.Debug|ARM.ActiveCfg = Debug|Any CPU
		{B0ECEA59-B2DD-4005-B36F-33E4F423FEB3}.Debug|ARM.Build.0 = Debug|Any CPU
		{B0ECEA59-B2DD-4005-B36F-33E4F423FEB3}.Debug|ARM.Deploy.0 = Debug|Any CPU
		{B0ECEA59-B2DD-4005-B36F-33E4F423FEB3}.Debug|iPhone.ActiveCfg = Debug|Any CPU
		{B0ECEA59-B2DD-4005-B36F-33E4F423FEB3}.Debug|iPhone.Build.0 = Debug|Any CPU
		{B0ECEA59-B2DD-4005-B36F-33E4F423FEB3}.Debug|iPhone.Deploy.0 = Debug|Any CPU
		{B0ECEA59-B2DD-4005-B36F-33E4F423FEB3}.Debug|iPhoneSimulator.ActiveCfg = Debug|Any CPU
		{B0ECEA59-B2DD-4005-B36F-33E4F423FEB3}.Debug|iPhoneSimulator.Build.0 = Debug|Any CPU
		{B0ECEA59-B2DD-4005-B36F-33E4F423FEB3}.Debug|iPhoneSimulator.Deploy.0 = Debug|Any CPU
		{B0ECEA59-B2DD-4005-B36F-33E4F423FEB3}.Debug|x64.ActiveCfg = Debug|Any CPU
		{B0ECEA59-B2DD-4005-B36F-33E4F423FEB3}.Debug|x64.Build.0 = Debug|Any CPU
		{B0ECEA59-B2DD-4005-B36F-33E4F423FEB3}.Debug|x64.Deploy.0 = Debug|Any CPU
		{B0ECEA59-B2DD-4005-B36F-33E4F423FEB3}.Debug|x86.ActiveCfg = Debug|Any CPU
		{B0ECEA59-B2DD-4005-B36F-33E4F423FEB3}.Debug|x86.Build.0 = Debug|Any CPU
		{B0ECEA59-B2DD-4005-B36F-33E4F423FEB3}.Debug|x86.Deploy.0 = Debug|Any CPU
		{B0ECEA59-B2DD-4005-B36F-33E4F423FEB3}.Release|Any CPU.ActiveCfg = Release|Any CPU
		{B0ECEA59-B2DD-4005-B36F-33E4F423FEB3}.Release|Any CPU.Build.0 = Release|Any CPU
		{B0ECEA59-B2DD-4005-B36F-33E4F423FEB3}.Release|Any CPU.Deploy.0 = Release|Any CPU
		{B0ECEA59-B2DD-4005-B36F-33E4F423FEB3}.Release|ARM.ActiveCfg = Release|Any CPU
		{B0ECEA59-B2DD-4005-B36F-33E4F423FEB3}.Release|ARM.Build.0 = Release|Any CPU
		{B0ECEA59-B2DD-4005-B36F-33E4F423FEB3}.Release|ARM.Deploy.0 = Release|Any CPU
		{B0ECEA59-B2DD-4005-B36F-33E4F423FEB3}.Release|iPhone.ActiveCfg = Release|Any CPU
		{B0ECEA59-B2DD-4005-B36F-33E4F423FEB3}.Release|iPhone.Build.0 = Release|Any CPU
		{B0ECEA59-B2DD-4005-B36F-33E4F423FEB3}.Release|iPhone.Deploy.0 = Release|Any CPU
		{B0ECEA59-B2DD-4005-B36F-33E4F423FEB3}.Release|iPhoneSimulator.ActiveCfg = Release|Any CPU
		{B0ECEA59-B2DD-4005-B36F-33E4F423FEB3}.Release|iPhoneSimulator.Build.0 = Release|Any CPU
		{B0ECEA59-B2DD-4005-B36F-33E4F423FEB3}.Release|iPhoneSimulator.Deploy.0 = Release|Any CPU
		{B0ECEA59-B2DD-4005-B36F-33E4F423FEB3}.Release|x64.ActiveCfg = Release|Any CPU
		{B0ECEA59-B2DD-4005-B36F-33E4F423FEB3}.Release|x64.Build.0 = Release|Any CPU
		{B0ECEA59-B2DD-4005-B36F-33E4F423FEB3}.Release|x64.Deploy.0 = Release|Any CPU
		{B0ECEA59-B2DD-4005-B36F-33E4F423FEB3}.Release|x86.ActiveCfg = Release|Any CPU
		{B0ECEA59-B2DD-4005-B36F-33E4F423FEB3}.Release|x86.Build.0 = Release|Any CPU
		{B0ECEA59-B2DD-4005-B36F-33E4F423FEB3}.Release|x86.Deploy.0 = Release|Any CPU
		{9C414160-93C4-427E-B271-4A745D2C7654}.Ad-Hoc|Any CPU.ActiveCfg = Ad-Hoc|iPhone
		{9C414160-93C4-427E-B271-4A745D2C7654}.Ad-Hoc|ARM.ActiveCfg = Ad-Hoc|iPhone
		{9C414160-93C4-427E-B271-4A745D2C7654}.Ad-Hoc|iPhone.ActiveCfg = Ad-Hoc|iPhone
		{9C414160-93C4-427E-B271-4A745D2C7654}.Ad-Hoc|iPhone.Build.0 = Ad-Hoc|iPhone
		{9C414160-93C4-427E-B271-4A745D2C7654}.Ad-Hoc|iPhoneSimulator.ActiveCfg = Ad-Hoc|iPhoneSimulator
		{9C414160-93C4-427E-B271-4A745D2C7654}.Ad-Hoc|iPhoneSimulator.Build.0 = Ad-Hoc|iPhoneSimulator
		{9C414160-93C4-427E-B271-4A745D2C7654}.Ad-Hoc|x64.ActiveCfg = Ad-Hoc|iPhone
		{9C414160-93C4-427E-B271-4A745D2C7654}.Ad-Hoc|x86.ActiveCfg = Ad-Hoc|iPhone
		{9C414160-93C4-427E-B271-4A745D2C7654}.AppStore|Any CPU.ActiveCfg = AppStore|iPhone
		{9C414160-93C4-427E-B271-4A745D2C7654}.AppStore|ARM.ActiveCfg = AppStore|iPhone
		{9C414160-93C4-427E-B271-4A745D2C7654}.AppStore|iPhone.ActiveCfg = AppStore|iPhone
		{9C414160-93C4-427E-B271-4A745D2C7654}.AppStore|iPhone.Build.0 = AppStore|iPhone
		{9C414160-93C4-427E-B271-4A745D2C7654}.AppStore|iPhoneSimulator.ActiveCfg = AppStore|iPhoneSimulator
		{9C414160-93C4-427E-B271-4A745D2C7654}.AppStore|iPhoneSimulator.Build.0 = AppStore|iPhoneSimulator
		{9C414160-93C4-427E-B271-4A745D2C7654}.AppStore|x64.ActiveCfg = AppStore|iPhone
		{9C414160-93C4-427E-B271-4A745D2C7654}.AppStore|x86.ActiveCfg = AppStore|iPhone
		{9C414160-93C4-427E-B271-4A745D2C7654}.Debug|Any CPU.ActiveCfg = Debug|iPhone
		{9C414160-93C4-427E-B271-4A745D2C7654}.Debug|ARM.ActiveCfg = Debug|iPhone
		{9C414160-93C4-427E-B271-4A745D2C7654}.Debug|iPhone.ActiveCfg = Debug|iPhone
		{9C414160-93C4-427E-B271-4A745D2C7654}.Debug|iPhone.Build.0 = Debug|iPhone
		{9C414160-93C4-427E-B271-4A745D2C7654}.Debug|iPhoneSimulator.ActiveCfg = Debug|iPhoneSimulator
		{9C414160-93C4-427E-B271-4A745D2C7654}.Debug|iPhoneSimulator.Build.0 = Debug|iPhoneSimulator
		{9C414160-93C4-427E-B271-4A745D2C7654}.Debug|x64.ActiveCfg = Debug|iPhone
		{9C414160-93C4-427E-B271-4A745D2C7654}.Debug|x86.ActiveCfg = Debug|iPhone
		{9C414160-93C4-427E-B271-4A745D2C7654}.Release|Any CPU.ActiveCfg = Release|iPhone
		{9C414160-93C4-427E-B271-4A745D2C7654}.Release|ARM.ActiveCfg = Release|iPhone
		{9C414160-93C4-427E-B271-4A745D2C7654}.Release|iPhone.ActiveCfg = Release|iPhone
		{9C414160-93C4-427E-B271-4A745D2C7654}.Release|iPhone.Build.0 = Release|iPhone
		{9C414160-93C4-427E-B271-4A745D2C7654}.Release|iPhoneSimulator.ActiveCfg = Release|iPhoneSimulator
		{9C414160-93C4-427E-B271-4A745D2C7654}.Release|iPhoneSimulator.Build.0 = Release|iPhoneSimulator
		{9C414160-93C4-427E-B271-4A745D2C7654}.Release|x64.ActiveCfg = Release|iPhone
		{9C414160-93C4-427E-B271-4A745D2C7654}.Release|x86.ActiveCfg = Release|iPhone
		{69FDB3C6-2DA2-49EF-80F7-BAFDB0E50397}.Ad-Hoc|Any CPU.ActiveCfg = Release|x64
		{69FDB3C6-2DA2-49EF-80F7-BAFDB0E50397}.Ad-Hoc|Any CPU.Build.0 = Release|x64
		{69FDB3C6-2DA2-49EF-80F7-BAFDB0E50397}.Ad-Hoc|Any CPU.Deploy.0 = Release|x64
		{69FDB3C6-2DA2-49EF-80F7-BAFDB0E50397}.Ad-Hoc|ARM.ActiveCfg = Release|ARM
		{69FDB3C6-2DA2-49EF-80F7-BAFDB0E50397}.Ad-Hoc|ARM.Build.0 = Release|ARM
		{69FDB3C6-2DA2-49EF-80F7-BAFDB0E50397}.Ad-Hoc|ARM.Deploy.0 = Release|ARM
		{69FDB3C6-2DA2-49EF-80F7-BAFDB0E50397}.Ad-Hoc|iPhone.ActiveCfg = Release|x64
		{69FDB3C6-2DA2-49EF-80F7-BAFDB0E50397}.Ad-Hoc|iPhone.Build.0 = Release|x64
		{69FDB3C6-2DA2-49EF-80F7-BAFDB0E50397}.Ad-Hoc|iPhone.Deploy.0 = Release|x64
		{69FDB3C6-2DA2-49EF-80F7-BAFDB0E50397}.Ad-Hoc|iPhoneSimulator.ActiveCfg = Release|x64
		{69FDB3C6-2DA2-49EF-80F7-BAFDB0E50397}.Ad-Hoc|iPhoneSimulator.Build.0 = Release|x64
		{69FDB3C6-2DA2-49EF-80F7-BAFDB0E50397}.Ad-Hoc|iPhoneSimulator.Deploy.0 = Release|x64
		{69FDB3C6-2DA2-49EF-80F7-BAFDB0E50397}.Ad-Hoc|x64.ActiveCfg = Release|x64
		{69FDB3C6-2DA2-49EF-80F7-BAFDB0E50397}.Ad-Hoc|x64.Build.0 = Release|x64
		{69FDB3C6-2DA2-49EF-80F7-BAFDB0E50397}.Ad-Hoc|x64.Deploy.0 = Release|x64
		{69FDB3C6-2DA2-49EF-80F7-BAFDB0E50397}.Ad-Hoc|x86.ActiveCfg = Release|x86
		{69FDB3C6-2DA2-49EF-80F7-BAFDB0E50397}.Ad-Hoc|x86.Build.0 = Release|x86
		{69FDB3C6-2DA2-49EF-80F7-BAFDB0E50397}.Ad-Hoc|x86.Deploy.0 = Release|x86
		{69FDB3C6-2DA2-49EF-80F7-BAFDB0E50397}.AppStore|Any CPU.ActiveCfg = Release|x64
		{69FDB3C6-2DA2-49EF-80F7-BAFDB0E50397}.AppStore|Any CPU.Build.0 = Release|x64
		{69FDB3C6-2DA2-49EF-80F7-BAFDB0E50397}.AppStore|Any CPU.Deploy.0 = Release|x64
		{69FDB3C6-2DA2-49EF-80F7-BAFDB0E50397}.AppStore|ARM.ActiveCfg = Release|ARM
		{69FDB3C6-2DA2-49EF-80F7-BAFDB0E50397}.AppStore|ARM.Build.0 = Release|ARM
		{69FDB3C6-2DA2-49EF-80F7-BAFDB0E50397}.AppStore|ARM.Deploy.0 = Release|ARM
		{69FDB3C6-2DA2-49EF-80F7-BAFDB0E50397}.AppStore|iPhone.ActiveCfg = Release|x64
		{69FDB3C6-2DA2-49EF-80F7-BAFDB0E50397}.AppStore|iPhone.Build.0 = Release|x64
		{69FDB3C6-2DA2-49EF-80F7-BAFDB0E50397}.AppStore|iPhone.Deploy.0 = Release|x64
		{69FDB3C6-2DA2-49EF-80F7-BAFDB0E50397}.AppStore|iPhoneSimulator.ActiveCfg = Release|x64
		{69FDB3C6-2DA2-49EF-80F7-BAFDB0E50397}.AppStore|iPhoneSimulator.Build.0 = Release|x64
		{69FDB3C6-2DA2-49EF-80F7-BAFDB0E50397}.AppStore|iPhoneSimulator.Deploy.0 = Release|x64
		{69FDB3C6-2DA2-49EF-80F7-BAFDB0E50397}.AppStore|x64.ActiveCfg = Release|x64
		{69FDB3C6-2DA2-49EF-80F7-BAFDB0E50397}.AppStore|x64.Build.0 = Release|x64
		{69FDB3C6-2DA2-49EF-80F7-BAFDB0E50397}.AppStore|x64.Deploy.0 = Release|x64
		{69FDB3C6-2DA2-49EF-80F7-BAFDB0E50397}.AppStore|x86.ActiveCfg = Release|x86
		{69FDB3C6-2DA2-49EF-80F7-BAFDB0E50397}.AppStore|x86.Build.0 = Release|x86
		{69FDB3C6-2DA2-49EF-80F7-BAFDB0E50397}.AppStore|x86.Deploy.0 = Release|x86
		{69FDB3C6-2DA2-49EF-80F7-BAFDB0E50397}.Debug|Any CPU.ActiveCfg = Debug|x86
		{69FDB3C6-2DA2-49EF-80F7-BAFDB0E50397}.Debug|Any CPU.Build.0 = Debug|x86
		{69FDB3C6-2DA2-49EF-80F7-BAFDB0E50397}.Debug|Any CPU.Deploy.0 = Debug|x86
		{69FDB3C6-2DA2-49EF-80F7-BAFDB0E50397}.Debug|ARM.ActiveCfg = Debug|ARM
		{69FDB3C6-2DA2-49EF-80F7-BAFDB0E50397}.Debug|ARM.Build.0 = Debug|ARM
		{69FDB3C6-2DA2-49EF-80F7-BAFDB0E50397}.Debug|ARM.Deploy.0 = Debug|ARM
		{69FDB3C6-2DA2-49EF-80F7-BAFDB0E50397}.Debug|iPhone.ActiveCfg = Debug|x86
		{69FDB3C6-2DA2-49EF-80F7-BAFDB0E50397}.Debug|iPhoneSimulator.ActiveCfg = Debug|x86
		{69FDB3C6-2DA2-49EF-80F7-BAFDB0E50397}.Debug|x64.ActiveCfg = Debug|x64
		{69FDB3C6-2DA2-49EF-80F7-BAFDB0E50397}.Debug|x64.Build.0 = Debug|x64
		{69FDB3C6-2DA2-49EF-80F7-BAFDB0E50397}.Debug|x64.Deploy.0 = Debug|x64
		{69FDB3C6-2DA2-49EF-80F7-BAFDB0E50397}.Debug|x86.ActiveCfg = Debug|x86
		{69FDB3C6-2DA2-49EF-80F7-BAFDB0E50397}.Debug|x86.Build.0 = Debug|x86
		{69FDB3C6-2DA2-49EF-80F7-BAFDB0E50397}.Debug|x86.Deploy.0 = Debug|x86
		{69FDB3C6-2DA2-49EF-80F7-BAFDB0E50397}.Release|Any CPU.ActiveCfg = Release|x86
		{69FDB3C6-2DA2-49EF-80F7-BAFDB0E50397}.Release|ARM.ActiveCfg = Release|ARM
		{69FDB3C6-2DA2-49EF-80F7-BAFDB0E50397}.Release|ARM.Build.0 = Release|ARM
		{69FDB3C6-2DA2-49EF-80F7-BAFDB0E50397}.Release|ARM.Deploy.0 = Release|ARM
		{69FDB3C6-2DA2-49EF-80F7-BAFDB0E50397}.Release|iPhone.ActiveCfg = Release|x86
		{69FDB3C6-2DA2-49EF-80F7-BAFDB0E50397}.Release|iPhoneSimulator.ActiveCfg = Release|x86
		{69FDB3C6-2DA2-49EF-80F7-BAFDB0E50397}.Release|x64.ActiveCfg = Release|x64
		{69FDB3C6-2DA2-49EF-80F7-BAFDB0E50397}.Release|x64.Build.0 = Release|x64
		{69FDB3C6-2DA2-49EF-80F7-BAFDB0E50397}.Release|x64.Deploy.0 = Release|x64
		{69FDB3C6-2DA2-49EF-80F7-BAFDB0E50397}.Release|x86.ActiveCfg = Release|x86
		{69FDB3C6-2DA2-49EF-80F7-BAFDB0E50397}.Release|x86.Build.0 = Release|x86
		{69FDB3C6-2DA2-49EF-80F7-BAFDB0E50397}.Release|x86.Deploy.0 = Release|x86
	EndGlobalSection
	GlobalSection(SolutionProperties) = preSolution
		HideSolutionNode = FALSE
	EndGlobalSection
EndGlobal
